
Microsoft Visual Studio Solution File, Format Version 12.00
# Visual Studio 15
VisualStudioVersion = 15.0.27703.2042
MinimumVisualStudioVersion = 10.0.40219.1
Project("{FAE04EC0-301F-11D3-BF4B-00C04F79EFBC}") = "TechTest", "TechTest\TechTest.csproj", "{A285261B-14AE-4CA9-B15B-5DE4C1D135E3}"
EndProject
Global
	GlobalSection(SolutionConfigurationPlatforms) = preSolution
		Debug|Any CPU = Debug|Any CPU
		Release|Any CPU = Release|Any CPU
	EndGlobalSection
	GlobalSection(ProjectConfigurationPlatforms) = postSolution
		{A285261B-14AE-4CA9-B15B-5DE4C1D135E3}.Debug|Any CPU.ActiveCfg = Debug|Any CPU
		{A285261B-14AE-4CA9-B15B-5DE4C1D135E3}.Debug|Any CPU.Build.0 = Debug|Any CPU
		{A285261B-14AE-4CA9-B15B-5DE4C1D135E3}.Release|Any CPU.ActiveCfg = Release|Any CPU
		{A285261B-14AE-4CA9-B15B-5DE4C1D135E3}.Release|Any CPU.Build.0 = Release|Any CPU
	EndGlobalSection
	GlobalSection(SolutionProperties) = preSolution
		HideSolutionNode = FALSE
	EndGlobalSection
	GlobalSection(ExtensibilityGlobals) = postSolution
		SolutionGuid = {2BDAC25D-FF93-4C27-9755-2A102DB7164F}
	EndGlobalSection
EndGlobal
